
Microsoft Visual Studio Solution File, Format Version 12.00
# Visual Studio 2013
VisualStudioVersion = 12.0.21005.1
MinimumVisualStudioVersion = 10.0.40219.1
Project("{8BC9CEB8-8B4A-11D0-8D11-00A0C91BC942}") = "Main Template", "Main Template\Main Template.vcxproj", "{8D8CC6D0-FC49-4140-A325-5DA01A932282}"
EndProject
Global
	GlobalSection(SolutionConfigurationPlatforms) = preSolution
		Debug|Win32 = Debug|Win32
		Release|Win32 = Release|Win32
	EndGlobalSection
	GlobalSection(ProjectConfigurationPlatforms) = postSolution
		{8D8CC6D0-FC49-4140-A325-5DA01A932282}.Debug|Win32.ActiveCfg = Debug|Win32
		{8D8CC6D0-FC49-4140-A325-5DA01A932282}.Debug|Win32.Build.0 = Debug|Win32
		{8D8CC6D0-FC49-4140-A325-5DA01A932282}.Release|Win32.ActiveCfg = Release|Win32
		{8D8CC6D0-FC49-4140-A325-5DA01A932282}.Release|Win32.Build.0 = Release|Win32
	EndGlobalSection
	GlobalSection(SolutionProperties) = preSolution
		HideSolutionNode = FALSE
	EndGlobalSection
EndGlobal
