// !$*UTF8*$!
{
	archiveVersion = 1;
	classes = {
	};
	objectVersion = 46;
	objects = {

/* Begin PBXBuildFile section */
		CC7A2D721A79915E00C727F2 /* main.cpp in Sources */ = {isa = PBXBuildFile; fileRef = CC7A2D711A79915E00C727F2 /* main.cpp */; };
/* End PBXBuildFile section */

/* Begin PBXCopyFilesBuildPhase section */
		CC7A2D6C1A79915E00C727F2 /* CopyFiles */ = {
			isa = PBXCopyFilesBuildPhase;
			buildActionMask = 2147483647;
			dstPath = /usr/share/man/man1/;
			dstSubfolderSpec = 0;
			files = (
			);
			runOnlyForDeploymentPostprocessing = 1;
		};
/* End PBXCopyFilesBuildPhase section */

/* Begin PBXFileReference section */
		CC7A2D6E1A79915E00C727F2 /* coding_exercise_one */ = {isa = PBXFileReference; explicitFileType = "compiled.mach-o.executable"; includeInIndex = 0; path = coding_exercise_one; sourceTree = BUILT_PRODUCTS_DIR; };
		CC7A2D711A79915E00C727F2 /* main.cpp */ = {isa = PBXFileReference; lastKnownFileType = sourcecode.cpp.cpp; path = main.cpp; sourceTree = "<group>"; };
/* End PBXFileReference section */

/* Begin PBXFrameworksBuildPhase section */
		CC7A2D6B1A79915E00C727F2 /* Frameworks */ = {
			isa = PBXFrameworksBuildPhase;
			buildActionMask = 2147483647;
			files = (
			);
			runOnlyForDeploymentPostprocessing = 0;
		};
/* End PBXFrameworksBuildPhase section */

/* Begin PBXGroup section */
		CC7A2D651A79915E00C727F2 = {
			isa = PBXGroup;
			children = (
				CC7A2D701A79915E00C727F2 /* coding_exercise_one */,
				CC7A2D6F1A79915E00C727F2 /* Products */,
			);
			sourceTree = "<group>";
		};
		CC7A2D6F1A79915E00C727F2 /* Products */ = {
			isa = PBXGroup;
			children = (
				CC7A2D6E1A79915E00C727F2 /* coding_exercise_one */,
			);
			name = Products;
			sourceTree = "<group>";
		};
		CC7A2D701A79915E00C727F2 /* coding_exercise_one */ = {
			isa = PBXGroup;
			children = (
				CC7A2D711A79915E00C727F2 /* main.cpp */,
			);
			path = coding_exercise_one;
			sourceTree = "<group>";
		};
/* End PBXGroup section */

/* Begin PBXNativeTarget section */
		CC7A2D6D1A79915E00C727F2 /* coding_exercise_one */ = {
			isa = PBXNativeTarget;
			buildConfigurationList = CC7A2D751A79915E00C727F2 /* Build configuration list for PBXNativeTarget "coding_exercise_one" */;
			buildPhases = (
				CC7A2D6A1A79915E00C727F2 /* Sources */,
				CC7A2D6B1A79915E00C727F2 /* Frameworks */,
				CC7A2D6C1A79915E00C727F2 /* CopyFiles */,
			);
			buildRules = (
			);
			dependencies = (
			);
			name = coding_exercise_one;
			productName = coding_exercise_one;
			productReference = CC7A2D6E1A79915E00C727F2 /* coding_exercise_one */;
			productType = "com.apple.product-type.tool";
		};
/* End PBXNativeTarget section */

/* Begin PBXProject section */
		CC7A2D661A79915E00C727F2 /* Project object */ = {
			isa = PBXProject;
			attributes = {
				LastUpgradeCheck = 0610;
				ORGANIZATIONNAME = "Alan Trevino";
				TargetAttributes = {
					CC7A2D6D1A79915E00C727F2 = {
						CreatedOnToolsVersion = 6.1.1;
					};
				};
			};
			buildConfigurationList = CC7A2D691A79915E00C727F2 /* Build configuration list for PBXProject "coding_exercise_one" */;
			compatibilityVersion = "Xcode 3.2";
			developmentRegion = English;
			hasScannedForEncodings = 0;
			knownRegions = (
				en,
			);
			mainGroup = CC7A2D651A79915E00C727F2;
			productRefGroup = CC7A2D6F1A79915E00C727F2 /* Products */;
			projectDirPath = "";
			projectRoot = "";
			targets = (
				CC7A2D6D1A79915E00C727F2 /* coding_exercise_one */,
			);
		};
/* End PBXProject section */

/* Begin PBXSourcesBuildPhase section */
		CC7A2D6A1A79915E00C727F2 /* Sources */ = {
			isa = PBXSourcesBuildPhase;
			buildActionMask = 2147483647;
			files = (
				CC7A2D721A79915E00C727F2 /* main.cpp in Sources */,
			);
			runOnlyForDeploymentPostprocessing = 0;
		};
/* End PBXSourcesBuildPhase section */

/* Begin XCBuildConfiguration section */
		CC7A2D731A79915E00C727F2 /* Debug */ = {
			isa = XCBuildConfiguration;
			buildSettings = {
				ALWAYS_SEARCH_USER_PATHS = NO;
				CLANG_CXX_LANGUAGE_STANDARD = "gnu++0x";
				CLANG_CXX_LIBRARY = "libc++";
				CLANG_ENABLE_MODULES = YES;
				CLANG_ENABLE_OBJC_ARC = YES;
				CLANG_WARN_BOOL_CONVERSION = YES;
				CLANG_WARN_CONSTANT_CONVERSION = YES;
				CLANG_WARN_DIRECT_OBJC_ISA_USAGE = YES_ERROR;
				CLANG_WARN_EMPTY_BODY = YES;
				CLANG_WARN_ENUM_CONVERSION = YES;
				CLANG_WARN_INT_CONVERSION = YES;
				CLANG_WARN_OBJC_ROOT_CLASS = YES_ERROR;
				CLANG_WARN_UNREACHABLE_CODE = YES;
				CLANG_WARN__DUPLICATE_METHOD_MATCH = YES;
				COPY_PHASE_STRIP = NO;
				ENABLE_STRICT_OBJC_MSGSEND = YES;
				GCC_C_LANGUAGE_STANDARD = gnu99;
				GCC_DYNAMIC_NO_PIC = NO;
				GCC_OPTIMIZATION_LEVEL = 0;
				GCC_PREPROCESSOR_DEFINITIONS = (
					"DEBUG=1",
					"$(inherited)",
				);
				GCC_SYMBOLS_PRIVATE_EXTERN = NO;
				GCC_WARN_64_TO_32_BIT_CONVERSION = YES;
				GCC_WARN_ABOUT_RETURN_TYPE = YES_ERROR;
				GCC_WARN_UNDECLARED_SELECTOR = YES;
				GCC_WARN_UNINITIALIZED_AUTOS = YES_AGGRESSIVE;
				GCC_WARN_UNUSED_FUNCTION = YES;
				GCC_WARN_UNUSED_VARIABLE = YES;
				MACOSX_DEPLOYMENT_TARGET = 10.9;
				MTL_ENABLE_DEBUG_INFO = YES;
				ONLY_ACTIVE_ARCH = YES;
				SDKROOT = macosx;
			};
			name = Debug;
		};
		CC7A2D741A79915E00C727F2 /* Release */ = {
			isa = XCBuildConfiguration;
			buildSettings = {
				ALWAYS_SEARCH_USER_PATHS = NO;
				CLANG_CXX_LANGUAGE_STANDARD = "gnu++0x";
				CLANG_CXX_LIBRARY = "libc++";
				CLANG_ENABLE_MODULES = YES;
				CLANG_ENABLE_OBJC_ARC = YES;
				CLANG_WARN_BOOL_CONVERSION = YES;
				CLANG_WARN_CONSTANT_CONVERSION = YES;
				CLANG_WARN_DIRECT_OBJC_ISA_USAGE = YES_ERROR;
				CLANG_WARN_EMPTY_BODY = YES;
				CLANG_WARN_ENUM_CONVERSION = YES;
				CLANG_WARN_INT_CONVERSION = YES;
				CLANG_WARN_OBJC_ROOT_CLASS = YES_ERROR;
				CLANG_WARN_UNREACHABLE_CODE = YES;
				CLANG_WARN__DUPLICATE_METHOD_MATCH = YES;
				COPY_PHASE_STRIP = YES;
				DEBUG_INFORMATION_FORMAT = "dwarf-with-dsym";
				ENABLE_NS_ASSERTIONS = NO;
				ENABLE_STRICT_OBJC_MSGSEND = YES;
				GCC_C_LANGUAGE_STANDARD = gnu99;
				GCC_WARN_64_TO_32_BIT_CONVERSION = YES;
				GCC_WARN_ABOUT_RETURN_TYPE = YES_ERROR;
				GCC_WARN_UNDECLARED_SELECTOR = YES;
				GCC_WARN_UNINITIALIZED_AUTOS = YES_AGGRESSIVE;
				GCC_WARN_UNUSED_FUNCTION = YES;
				GCC_WARN_UNUSED_VARIABLE = YES;
				MACOSX_DEPLOYMENT_TARGET = 10.9;
				MTL_ENABLE_DEBUG_INFO = NO;
				SDKROOT = macosx;
			};
			name = Release;
		};
		CC7A2D761A79915E00C727F2 /* Debug */ = {
			isa = XCBuildConfiguration;
			buildSettings = {
				PRODUCT_NAME = "$(TARGET_NAME)";
			};
			name = Debug;
		};
		CC7A2D771A79915E00C727F2 /* Release */ = {
			isa = XCBuildConfiguration;
			buildSettings = {
				PRODUCT_NAME = "$(TARGET_NAME)";
			};
			name = Release;
		};
/* End XCBuildConfiguration section */

/* Begin XCConfigurationList section */
		CC7A2D691A79915E00C727F2 /* Build configuration list for PBXProject "coding_exercise_one" */ = {
			isa = XCConfigurationList;
			buildConfigurations = (
				CC7A2D731A79915E00C727F2 /* Debug */,
				CC7A2D741A79915E00C727F2 /* Release */,
			);
			defaultConfigurationIsVisible = 0;
			defaultConfigurationName = Release;
		};
		CC7A2D751A79915E00C727F2 /* Build configuration list for PBXNativeTarget "coding_exercise_one" */ = {
			isa = XCConfigurationList;
			buildConfigurations = (
				CC7A2D761A79915E00C727F2 /* Debug */,
				CC7A2D771A79915E00C727F2 /* Release */,
			);
			defaultConfigurationIsVisible = 0;
		};
/* End XCConfigurationList section */
	};
	rootObject = CC7A2D661A79915E00C727F2 /* Project object */;
}
